// !$*UTF8*$!
{
	archiveVersion = 1;
	classes = {
	};
	objectVersion = 46;
	objects = {

/* Begin PBXBuildFile section */
		026BDD811A75CE4D00904D9F /* AppDelegate.m in Sources */ = {isa = PBXBuildFile; fileRef = 026BDD801A75CE4D00904D9F /* AppDelegate.m */; };
		026BDD831A75CE4D00904D9F /* main.m in Sources */ = {isa = PBXBuildFile; fileRef = 026BDD821A75CE4D00904D9F /* main.m */; };
		026BDD851A75CE4D00904D9F /* Images.xcassets in Resources */ = {isa = PBXBuildFile; fileRef = 026BDD841A75CE4D00904D9F /* Images.xcassets */; };
		026BDD881A75CE4D00904D9F /* MainMenu.xib in Resources */ = {isa = PBXBuildFile; fileRef = 026BDD861A75CE4D00904D9F /* MainMenu.xib */; };
		026BDD941A75CE4E00904D9F /* DropTests.m in Sources */ = {isa = PBXBuildFile; fileRef = 026BDD931A75CE4E00904D9F /* DropTests.m */; };
		026BDD9F1A75CE7300904D9F /* Screenshot.m in Sources */ = {isa = PBXBuildFile; fileRef = 026BDD9E1A75CE7300904D9F /* Screenshot.m */; };
		026BDDA21A75CE7E00904D9F /* SystemStorage.m in Sources */ = {isa = PBXBuildFile; fileRef = 026BDDA11A75CE7E00904D9F /* SystemStorage.m */; };
		026BDDA51A75CE8500904D9F /* Request.m in Sources */ = {isa = PBXBuildFile; fileRef = 026BDDA41A75CE8500904D9F /* Request.m */; };
		026BDDA91A75CEA200904D9F /* default-icon.png in Resources */ = {isa = PBXBuildFile; fileRef = 026BDDA71A75CEA200904D9F /* default-icon.png */; };
		026BDDAA1A75CEA200904D9F /* default-icon@2x.png in Resources */ = {isa = PBXBuildFile; fileRef = 026BDDA81A75CEA200904D9F /* default-icon@2x.png */; };
		026BDDB81A75CEB200904D9F /* loader_img2@2x.png in Resources */ = {isa = PBXBuildFile; fileRef = 026BDDAC1A75CEB200904D9F /* loader_img2@2x.png */; };
		026BDDB91A75CEB200904D9F /* loader_img3@2x.png in Resources */ = {isa = PBXBuildFile; fileRef = 026BDDAD1A75CEB200904D9F /* loader_img3@2x.png */; };
		026BDDBA1A75CEB200904D9F /* loader_img5.png in Resources */ = {isa = PBXBuildFile; fileRef = 026BDDAE1A75CEB200904D9F /* loader_img5.png */; };
		026BDDBB1A75CEB200904D9F /* loader_img4.png in Resources */ = {isa = PBXBuildFile; fileRef = 026BDDAF1A75CEB200904D9F /* loader_img4.png */; };
		026BDDBC1A75CEB200904D9F /* loader_img6.png in Resources */ = {isa = PBXBuildFile; fileRef = 026BDDB01A75CEB200904D9F /* loader_img6.png */; };
		026BDDBD1A75CEB200904D9F /* loader_img2.png in Resources */ = {isa = PBXBuildFile; fileRef = 026BDDB11A75CEB200904D9F /* loader_img2.png */; };
		026BDDBE1A75CEB200904D9F /* loader_img3.png in Resources */ = {isa = PBXBuildFile; fileRef = 026BDDB21A75CEB200904D9F /* loader_img3.png */; };
		026BDDBF1A75CEB200904D9F /* loader_img1.png in Resources */ = {isa = PBXBuildFile; fileRef = 026BDDB31A75CEB200904D9F /* loader_img1.png */; };
		026BDDC01A75CEB200904D9F /* loader_img4@2x.png in Resources */ = {isa = PBXBuildFile; fileRef = 026BDDB41A75CEB200904D9F /* loader_img4@2x.png */; };
		026BDDC11A75CEB200904D9F /* loader_img5@2x.png in Resources */ = {isa = PBXBuildFile; fileRef = 026BDDB51A75CEB200904D9F /* loader_img5@2x.png */; };
		026BDDC21A75CEB200904D9F /* loader_img1@2x.png in Resources */ = {isa = PBXBuildFile; fileRef = 026BDDB61A75CEB200904D9F /* loader_img1@2x.png */; };
		026BDDC31A75CEB200904D9F /* loader_img6@2x.png in Resources */ = {isa = PBXBuildFile; fileRef = 026BDDB71A75CEB200904D9F /* loader_img6@2x.png */; };
		026BDDE81A768B0900904D9F /* NoteWindowController.m in Sources */ = {isa = PBXBuildFile; fileRef = 026BDDE61A768B0900904D9F /* NoteWindowController.m */; };
		026BDDE91A768B0900904D9F /* NoteWindowController.xib in Resources */ = {isa = PBXBuildFile; fileRef = 026BDDE71A768B0900904D9F /* NoteWindowController.xib */; };
		026BDFA21A76AB8B00904D9F /* AFHTTPRequestOperation.m in Sources */ = {isa = PBXBuildFile; fileRef = 026BDF901A76AB8B00904D9F /* AFHTTPRequestOperation.m */; };
		026BDFA31A76AB8B00904D9F /* AFHTTPRequestOperationManager.m in Sources */ = {isa = PBXBuildFile; fileRef = 026BDF921A76AB8B00904D9F /* AFHTTPRequestOperationManager.m */; };
		026BDFA41A76AB8B00904D9F /* AFHTTPSessionManager.m in Sources */ = {isa = PBXBuildFile; fileRef = 026BDF941A76AB8B00904D9F /* AFHTTPSessionManager.m */; };
		026BDFA51A76AB8B00904D9F /* AFNetworkReachabilityManager.m in Sources */ = {isa = PBXBuildFile; fileRef = 026BDF971A76AB8B00904D9F /* AFNetworkReachabilityManager.m */; };
		026BDFA61A76AB8B00904D9F /* AFSecurityPolicy.m in Sources */ = {isa = PBXBuildFile; fileRef = 026BDF991A76AB8B00904D9F /* AFSecurityPolicy.m */; };
		026BDFA71A76AB8B00904D9F /* AFURLConnectionOperation.m in Sources */ = {isa = PBXBuildFile; fileRef = 026BDF9B1A76AB8B00904D9F /* AFURLConnectionOperation.m */; };
		026BDFA81A76AB8B00904D9F /* AFURLRequestSerialization.m in Sources */ = {isa = PBXBuildFile; fileRef = 026BDF9D1A76AB8B00904D9F /* AFURLRequestSerialization.m */; };
		026BDFA91A76AB8B00904D9F /* AFURLResponseSerialization.m in Sources */ = {isa = PBXBuildFile; fileRef = 026BDF9F1A76AB8B00904D9F /* AFURLResponseSerialization.m */; };
		026BDFAA1A76AB8B00904D9F /* AFURLSessionManager.m in Sources */ = {isa = PBXBuildFile; fileRef = 026BDFA11A76AB8B00904D9F /* AFURLSessionManager.m */; };
/* End PBXBuildFile section */

/* Begin PBXContainerItemProxy section */
		026BDD8E1A75CE4D00904D9F /* PBXContainerItemProxy */ = {
			isa = PBXContainerItemProxy;
			containerPortal = 026BDD721A75CE4D00904D9F /* Project object */;
			proxyType = 1;
			remoteGlobalIDString = 026BDD791A75CE4D00904D9F;
			remoteInfo = Drop;
		};
/* End PBXContainerItemProxy section */

/* Begin PBXFileReference section */
		026BDD7A1A75CE4D00904D9F /* Drop.app */ = {isa = PBXFileReference; explicitFileType = wrapper.application; includeInIndex = 0; path = Drop.app; sourceTree = BUILT_PRODUCTS_DIR; };
		026BDD7E1A75CE4D00904D9F /* Info.plist */ = {isa = PBXFileReference; lastKnownFileType = text.plist.xml; path = Info.plist; sourceTree = "<group>"; };
		026BDD7F1A75CE4D00904D9F /* AppDelegate.h */ = {isa = PBXFileReference; lastKnownFileType = sourcecode.c.h; path = AppDelegate.h; sourceTree = "<group>"; };
		026BDD801A75CE4D00904D9F /* AppDelegate.m */ = {isa = PBXFileReference; lastKnownFileType = sourcecode.c.objc; path = AppDelegate.m; sourceTree = "<group>"; };
		026BDD821A75CE4D00904D9F /* main.m */ = {isa = PBXFileReference; lastKnownFileType = sourcecode.c.objc; path = main.m; sourceTree = "<group>"; };
		026BDD841A75CE4D00904D9F /* Images.xcassets */ = {isa = PBXFileReference; lastKnownFileType = folder.assetcatalog; path = Images.xcassets; sourceTree = "<group>"; };
		026BDD871A75CE4D00904D9F /* Base */ = {isa = PBXFileReference; lastKnownFileType = file.xib; name = Base; path = Base.lproj/MainMenu.xib; sourceTree = "<group>"; };
		026BDD8D1A75CE4D00904D9F /* DropTests.xctest */ = {isa = PBXFileReference; explicitFileType = wrapper.cfbundle; includeInIndex = 0; path = DropTests.xctest; sourceTree = BUILT_PRODUCTS_DIR; };
		026BDD921A75CE4E00904D9F /* Info.plist */ = {isa = PBXFileReference; lastKnownFileType = text.plist.xml; path = Info.plist; sourceTree = "<group>"; };
		026BDD931A75CE4E00904D9F /* DropTests.m */ = {isa = PBXFileReference; lastKnownFileType = sourcecode.c.objc; path = DropTests.m; sourceTree = "<group>"; };
		026BDD9D1A75CE7300904D9F /* Screenshot.h */ = {isa = PBXFileReference; fileEncoding = 4; lastKnownFileType = sourcecode.c.h; path = Screenshot.h; sourceTree = "<group>"; };
		026BDD9E1A75CE7300904D9F /* Screenshot.m */ = {isa = PBXFileReference; fileEncoding = 4; lastKnownFileType = sourcecode.c.objc; path = Screenshot.m; sourceTree = "<group>"; };
		026BDDA01A75CE7E00904D9F /* SystemStorage.h */ = {isa = PBXFileReference; fileEncoding = 4; lastKnownFileType = sourcecode.c.h; path = SystemStorage.h; sourceTree = "<group>"; };
		026BDDA11A75CE7E00904D9F /* SystemStorage.m */ = {isa = PBXFileReference; fileEncoding = 4; lastKnownFileType = sourcecode.c.objc; path = SystemStorage.m; sourceTree = "<group>"; };
		026BDDA31A75CE8500904D9F /* Request.h */ = {isa = PBXFileReference; fileEncoding = 4; lastKnownFileType = sourcecode.c.h; path = Request.h; sourceTree = "<group>"; };
		026BDDA41A75CE8500904D9F /* Request.m */ = {isa = PBXFileReference; fileEncoding = 4; lastKnownFileType = sourcecode.c.objc; path = Request.m; sourceTree = "<group>"; };
		026BDDA71A75CEA200904D9F /* default-icon.png */ = {isa = PBXFileReference; lastKnownFileType = image.png; path = "default-icon.png"; sourceTree = "<group>"; };
		026BDDA81A75CEA200904D9F /* default-icon@2x.png */ = {isa = PBXFileReference; lastKnownFileType = image.png; path = "default-icon@2x.png"; sourceTree = "<group>"; };
		026BDDAC1A75CEB200904D9F /* loader_img2@2x.png */ = {isa = PBXFileReference; lastKnownFileType = image.png; path = "loader_img2@2x.png"; sourceTree = "<group>"; };
		026BDDAD1A75CEB200904D9F /* loader_img3@2x.png */ = {isa = PBXFileReference; lastKnownFileType = image.png; path = "loader_img3@2x.png"; sourceTree = "<group>"; };
		026BDDAE1A75CEB200904D9F /* loader_img5.png */ = {isa = PBXFileReference; lastKnownFileType = image.png; path = loader_img5.png; sourceTree = "<group>"; };
		026BDDAF1A75CEB200904D9F /* loader_img4.png */ = {isa = PBXFileReference; lastKnownFileType = image.png; path = loader_img4.png; sourceTree = "<group>"; };
		026BDDB01A75CEB200904D9F /* loader_img6.png */ = {isa = PBXFileReference; lastKnownFileType = image.png; path = loader_img6.png; sourceTree = "<group>"; };
		026BDDB11A75CEB200904D9F /* loader_img2.png */ = {isa = PBXFileReference; lastKnownFileType = image.png; path = loader_img2.png; sourceTree = "<group>"; };
		026BDDB21A75CEB200904D9F /* loader_img3.png */ = {isa = PBXFileReference; lastKnownFileType = image.png; path = loader_img3.png; sourceTree = "<group>"; };
		026BDDB31A75CEB200904D9F /* loader_img1.png */ = {isa = PBXFileReference; lastKnownFileType = image.png; path = loader_img1.png; sourceTree = "<group>"; };
		026BDDB41A75CEB200904D9F /* loader_img4@2x.png */ = {isa = PBXFileReference; lastKnownFileType = image.png; path = "loader_img4@2x.png"; sourceTree = "<group>"; };
		026BDDB51A75CEB200904D9F /* loader_img5@2x.png */ = {isa = PBXFileReference; lastKnownFileType = image.png; path = "loader_img5@2x.png"; sourceTree = "<group>"; };
		026BDDB61A75CEB200904D9F /* loader_img1@2x.png */ = {isa = PBXFileReference; lastKnownFileType = image.png; path = "loader_img1@2x.png"; sourceTree = "<group>"; };
		026BDDB71A75CEB200904D9F /* loader_img6@2x.png */ = {isa = PBXFileReference; lastKnownFileType = image.png; path = "loader_img6@2x.png"; sourceTree = "<group>"; };
		026BDDE51A768B0900904D9F /* NoteWindowController.h */ = {isa = PBXFileReference; fileEncoding = 4; lastKnownFileType = sourcecode.c.h; name = NoteWindowController.h; path = ../NoteWindowController.h; sourceTree = "<group>"; };
		026BDDE61A768B0900904D9F /* NoteWindowController.m */ = {isa = PBXFileReference; fileEncoding = 4; lastKnownFileType = sourcecode.c.objc; name = NoteWindowController.m; path = ../NoteWindowController.m; sourceTree = "<group>"; };
		026BDDE71A768B0900904D9F /* NoteWindowController.xib */ = {isa = PBXFileReference; fileEncoding = 4; lastKnownFileType = file.xib; name = NoteWindowController.xib; path = ../NoteWindowController.xib; sourceTree = "<group>"; };
		026BDF8F1A76AB8B00904D9F /* AFHTTPRequestOperation.h */ = {isa = PBXFileReference; fileEncoding = 4; lastKnownFileType = sourcecode.c.h; path = AFHTTPRequestOperation.h; sourceTree = "<group>"; };
		026BDF901A76AB8B00904D9F /* AFHTTPRequestOperation.m */ = {isa = PBXFileReference; fileEncoding = 4; lastKnownFileType = sourcecode.c.objc; path = AFHTTPRequestOperation.m; sourceTree = "<group>"; };
		026BDF911A76AB8B00904D9F /* AFHTTPRequestOperationManager.h */ = {isa = PBXFileReference; fileEncoding = 4; lastKnownFileType = sourcecode.c.h; path = AFHTTPRequestOperationManager.h; sourceTree = "<group>"; };
		026BDF921A76AB8B00904D9F /* AFHTTPRequestOperationManager.m */ = {isa = PBXFileReference; fileEncoding = 4; lastKnownFileType = sourcecode.c.objc; path = AFHTTPRequestOperationManager.m; sourceTree = "<group>"; };
		026BDF931A76AB8B00904D9F /* AFHTTPSessionManager.h */ = {isa = PBXFileReference; fileEncoding = 4; lastKnownFileType = sourcecode.c.h; path = AFHTTPSessionManager.h; sourceTree = "<group>"; };
		026BDF941A76AB8B00904D9F /* AFHTTPSessionManager.m */ = {isa = PBXFileReference; fileEncoding = 4; lastKnownFileType = sourcecode.c.objc; path = AFHTTPSessionManager.m; sourceTree = "<group>"; };
		026BDF951A76AB8B00904D9F /* AFNetworking.h */ = {isa = PBXFileReference; fileEncoding = 4; lastKnownFileType = sourcecode.c.h; path = AFNetworking.h; sourceTree = "<group>"; };
		026BDF961A76AB8B00904D9F /* AFNetworkReachabilityManager.h */ = {isa = PBXFileReference; fileEncoding = 4; lastKnownFileType = sourcecode.c.h; path = AFNetworkReachabilityManager.h; sourceTree = "<group>"; };
		026BDF971A76AB8B00904D9F /* AFNetworkReachabilityManager.m */ = {isa = PBXFileReference; fileEncoding = 4; lastKnownFileType = sourcecode.c.objc; path = AFNetworkReachabilityManager.m; sourceTree = "<group>"; };
		026BDF981A76AB8B00904D9F /* AFSecurityPolicy.h */ = {isa = PBXFileReference; fileEncoding = 4; lastKnownFileType = sourcecode.c.h; path = AFSecurityPolicy.h; sourceTree = "<group>"; };
		026BDF991A76AB8B00904D9F /* AFSecurityPolicy.m */ = {isa = PBXFileReference; fileEncoding = 4; lastKnownFileType = sourcecode.c.objc; path = AFSecurityPolicy.m; sourceTree = "<group>"; };
		026BDF9A1A76AB8B00904D9F /* AFURLConnectionOperation.h */ = {isa = PBXFileReference; fileEncoding = 4; lastKnownFileType = sourcecode.c.h; path = AFURLConnectionOperation.h; sourceTree = "<group>"; };
		026BDF9B1A76AB8B00904D9F /* AFURLConnectionOperation.m */ = {isa = PBXFileReference; fileEncoding = 4; lastKnownFileType = sourcecode.c.objc; path = AFURLConnectionOperation.m; sourceTree = "<group>"; };
		026BDF9C1A76AB8B00904D9F /* AFURLRequestSerialization.h */ = {isa = PBXFileReference; fileEncoding = 4; lastKnownFileType = sourcecode.c.h; path = AFURLRequestSerialization.h; sourceTree = "<group>"; };
		026BDF9D1A76AB8B00904D9F /* AFURLRequestSerialization.m */ = {isa = PBXFileReference; fileEncoding = 4; lastKnownFileType = sourcecode.c.objc; path = AFURLRequestSerialization.m; sourceTree = "<group>"; };
		026BDF9E1A76AB8B00904D9F /* AFURLResponseSerialization.h */ = {isa = PBXFileReference; fileEncoding = 4; lastKnownFileType = sourcecode.c.h; path = AFURLResponseSerialization.h; sourceTree = "<group>"; };
		026BDF9F1A76AB8B00904D9F /* AFURLResponseSerialization.m */ = {isa = PBXFileReference; fileEncoding = 4; lastKnownFileType = sourcecode.c.objc; path = AFURLResponseSerialization.m; sourceTree = "<group>"; };
		026BDFA01A76AB8B00904D9F /* AFURLSessionManager.h */ = {isa = PBXFileReference; fileEncoding = 4; lastKnownFileType = sourcecode.c.h; path = AFURLSessionManager.h; sourceTree = "<group>"; };
		026BDFA11A76AB8B00904D9F /* AFURLSessionManager.m */ = {isa = PBXFileReference; fileEncoding = 4; lastKnownFileType = sourcecode.c.objc; path = AFURLSessionManager.m; sourceTree = "<group>"; };
/* End PBXFileReference section */

/* Begin PBXFrameworksBuildPhase section */
		026BDD771A75CE4D00904D9F /* Frameworks */ = {
			isa = PBXFrameworksBuildPhase;
			buildActionMask = 2147483647;
			files = (
			);
			runOnlyForDeploymentPostprocessing = 0;
		};
		026BDD8A1A75CE4D00904D9F /* Frameworks */ = {
			isa = PBXFrameworksBuildPhase;
			buildActionMask = 2147483647;
			files = (
			);
			runOnlyForDeploymentPostprocessing = 0;
		};
/* End PBXFrameworksBuildPhase section */

/* Begin PBXGroup section */
		026BDD711A75CE4D00904D9F = {
			isa = PBXGroup;
			children = (
				026BDD7C1A75CE4D00904D9F /* Drop */,
				026BDD901A75CE4D00904D9F /* DropTests */,
				026BDD7B1A75CE4D00904D9F /* Products */,
			);
			sourceTree = "<group>";
		};
		026BDD7B1A75CE4D00904D9F /* Products */ = {
			isa = PBXGroup;
			children = (
				026BDD7A1A75CE4D00904D9F /* Drop.app */,
				026BDD8D1A75CE4D00904D9F /* DropTests.xctest */,
			);
			name = Products;
			sourceTree = "<group>";
		};
		026BDD7C1A75CE4D00904D9F /* Drop */ = {
			isa = PBXGroup;
			children = (
				026BDDE51A768B0900904D9F /* NoteWindowController.h */,
				026BDDE61A768B0900904D9F /* NoteWindowController.m */,
				026BDDE71A768B0900904D9F /* NoteWindowController.xib */,
				026BDDC41A75CEC500904D9F /* Vendor */,
				026BDD9D1A75CE7300904D9F /* Screenshot.h */,
				026BDD9E1A75CE7300904D9F /* Screenshot.m */,
				026BDD7F1A75CE4D00904D9F /* AppDelegate.h */,
				026BDD801A75CE4D00904D9F /* AppDelegate.m */,
				026BDD841A75CE4D00904D9F /* Images.xcassets */,
				026BDDA01A75CE7E00904D9F /* SystemStorage.h */,
				026BDDA11A75CE7E00904D9F /* SystemStorage.m */,
				026BDDA31A75CE8500904D9F /* Request.h */,
				026BDDA41A75CE8500904D9F /* Request.m */,
				026BDD861A75CE4D00904D9F /* MainMenu.xib */,
				026BDD7D1A75CE4D00904D9F /* Supporting Files */,
			);
			path = Drop;
			sourceTree = "<group>";
		};
		026BDD7D1A75CE4D00904D9F /* Supporting Files */ = {
			isa = PBXGroup;
			children = (
				026BDDA61A75CE9800904D9F /* images */,
				026BDD7E1A75CE4D00904D9F /* Info.plist */,
				026BDD821A75CE4D00904D9F /* main.m */,
			);
			name = "Supporting Files";
			sourceTree = "<group>";
		};
		026BDD901A75CE4D00904D9F /* DropTests */ = {
			isa = PBXGroup;
			children = (
				026BDD931A75CE4E00904D9F /* DropTests.m */,
				026BDD911A75CE4E00904D9F /* Supporting Files */,
			);
			path = DropTests;
			sourceTree = "<group>";
		};
		026BDD911A75CE4E00904D9F /* Supporting Files */ = {
			isa = PBXGroup;
			children = (
				026BDD921A75CE4E00904D9F /* Info.plist */,
			);
			name = "Supporting Files";
			sourceTree = "<group>";
		};
		026BDDA61A75CE9800904D9F /* images */ = {
			isa = PBXGroup;
			children = (
				026BDDAB1A75CEA900904D9F /* loader */,
				026BDDA71A75CEA200904D9F /* default-icon.png */,
				026BDDA81A75CEA200904D9F /* default-icon@2x.png */,
			);
			name = images;
			sourceTree = "<group>";
		};
		026BDDAB1A75CEA900904D9F /* loader */ = {
			isa = PBXGroup;
			children = (
				026BDDAC1A75CEB200904D9F /* loader_img2@2x.png */,
				026BDDAD1A75CEB200904D9F /* loader_img3@2x.png */,
				026BDDAE1A75CEB200904D9F /* loader_img5.png */,
				026BDDAF1A75CEB200904D9F /* loader_img4.png */,
				026BDDB01A75CEB200904D9F /* loader_img6.png */,
				026BDDB11A75CEB200904D9F /* loader_img2.png */,
				026BDDB21A75CEB200904D9F /* loader_img3.png */,
				026BDDB31A75CEB200904D9F /* loader_img1.png */,
				026BDDB41A75CEB200904D9F /* loader_img4@2x.png */,
				026BDDB51A75CEB200904D9F /* loader_img5@2x.png */,
				026BDDB61A75CEB200904D9F /* loader_img1@2x.png */,
				026BDDB71A75CEB200904D9F /* loader_img6@2x.png */,
			);
			name = loader;
			sourceTree = "<group>";
		};
		026BDDC41A75CEC500904D9F /* Vendor */ = {
			isa = PBXGroup;
			children = (
				026BDF8E1A76AB8B00904D9F /* AFNetworking */,
			);
			name = Vendor;
			sourceTree = "<group>";
		};
		026BDF8E1A76AB8B00904D9F /* AFNetworking */ = {
			isa = PBXGroup;
			children = (
				026BDF8F1A76AB8B00904D9F /* AFHTTPRequestOperation.h */,
				026BDF901A76AB8B00904D9F /* AFHTTPRequestOperation.m */,
				026BDF911A76AB8B00904D9F /* AFHTTPRequestOperationManager.h */,
				026BDF921A76AB8B00904D9F /* AFHTTPRequestOperationManager.m */,
				026BDF931A76AB8B00904D9F /* AFHTTPSessionManager.h */,
				026BDF941A76AB8B00904D9F /* AFHTTPSessionManager.m */,
				026BDF951A76AB8B00904D9F /* AFNetworking.h */,
				026BDF961A76AB8B00904D9F /* AFNetworkReachabilityManager.h */,
				026BDF971A76AB8B00904D9F /* AFNetworkReachabilityManager.m */,
				026BDF981A76AB8B00904D9F /* AFSecurityPolicy.h */,
				026BDF991A76AB8B00904D9F /* AFSecurityPolicy.m */,
				026BDF9A1A76AB8B00904D9F /* AFURLConnectionOperation.h */,
				026BDF9B1A76AB8B00904D9F /* AFURLConnectionOperation.m */,
				026BDF9C1A76AB8B00904D9F /* AFURLRequestSerialization.h */,
				026BDF9D1A76AB8B00904D9F /* AFURLRequestSerialization.m */,
				026BDF9E1A76AB8B00904D9F /* AFURLResponseSerialization.h */,
				026BDF9F1A76AB8B00904D9F /* AFURLResponseSerialization.m */,
				026BDFA01A76AB8B00904D9F /* AFURLSessionManager.h */,
				026BDFA11A76AB8B00904D9F /* AFURLSessionManager.m */,
			);
			name = AFNetworking;
			path = Vendor/AFNetworking;
			sourceTree = "<group>";
		};
/* End PBXGroup section */

/* Begin PBXNativeTarget section */
		026BDD791A75CE4D00904D9F /* Drop */ = {
			isa = PBXNativeTarget;
			buildConfigurationList = 026BDD971A75CE4E00904D9F /* Build configuration list for PBXNativeTarget "Drop" */;
			buildPhases = (
				026BDD761A75CE4D00904D9F /* Sources */,
				026BDD771A75CE4D00904D9F /* Frameworks */,
				026BDD781A75CE4D00904D9F /* Resources */,
			);
			buildRules = (
			);
			dependencies = (
			);
			name = Drop;
			productName = Drop;
			productReference = 026BDD7A1A75CE4D00904D9F /* Drop.app */;
			productType = "com.apple.product-type.application";
		};
		026BDD8C1A75CE4D00904D9F /* DropTests */ = {
			isa = PBXNativeTarget;
			buildConfigurationList = 026BDD9A1A75CE4E00904D9F /* Build configuration list for PBXNativeTarget "DropTests" */;
			buildPhases = (
				026BDD891A75CE4D00904D9F /* Sources */,
				026BDD8A1A75CE4D00904D9F /* Frameworks */,
				026BDD8B1A75CE4D00904D9F /* Resources */,
			);
			buildRules = (
			);
			dependencies = (
				026BDD8F1A75CE4D00904D9F /* PBXTargetDependency */,
			);
			name = DropTests;
			productName = DropTests;
			productReference = 026BDD8D1A75CE4D00904D9F /* DropTests.xctest */;
			productType = "com.apple.product-type.bundle.unit-test";
		};
/* End PBXNativeTarget section */

/* Begin PBXProject section */
		026BDD721A75CE4D00904D9F /* Project object */ = {
			isa = PBXProject;
			attributes = {
				LastUpgradeCheck = 0610;
				ORGANIZATIONNAME = "Jordi Kroon";
				TargetAttributes = {
					026BDD791A75CE4D00904D9F = {
						CreatedOnToolsVersion = 6.1.1;
					};
					026BDD8C1A75CE4D00904D9F = {
						CreatedOnToolsVersion = 6.1.1;
						TestTargetID = 026BDD791A75CE4D00904D9F;
					};
				};
			};
			buildConfigurationList = 026BDD751A75CE4D00904D9F /* Build configuration list for PBXProject "Drop" */;
			compatibilityVersion = "Xcode 3.2";
			developmentRegion = English;
			hasScannedForEncodings = 0;
			knownRegions = (
				en,
				Base,
			);
			mainGroup = 026BDD711A75CE4D00904D9F;
			productRefGroup = 026BDD7B1A75CE4D00904D9F /* Products */;
			projectDirPath = "";
			projectRoot = "";
			targets = (
				026BDD791A75CE4D00904D9F /* Drop */,
				026BDD8C1A75CE4D00904D9F /* DropTests */,
			);
		};
/* End PBXProject section */

/* Begin PBXResourcesBuildPhase section */
		026BDD781A75CE4D00904D9F /* Resources */ = {
			isa = PBXResourcesBuildPhase;
			buildActionMask = 2147483647;
			files = (
				026BDDA91A75CEA200904D9F /* default-icon.png in Resources */,
				026BDDC11A75CEB200904D9F /* loader_img5@2x.png in Resources */,
				026BDDBC1A75CEB200904D9F /* loader_img6.png in Resources */,
				026BDDBB1A75CEB200904D9F /* loader_img4.png in Resources */,
				026BDDC21A75CEB200904D9F /* loader_img1@2x.png in Resources */,
				026BDDB91A75CEB200904D9F /* loader_img3@2x.png in Resources */,
				026BDD851A75CE4D00904D9F /* Images.xcassets in Resources */,
				026BDDBD1A75CEB200904D9F /* loader_img2.png in Resources */,
				026BDDC31A75CEB200904D9F /* loader_img6@2x.png in Resources */,
				026BDDB81A75CEB200904D9F /* loader_img2@2x.png in Resources */,
				026BDDBA1A75CEB200904D9F /* loader_img5.png in Resources */,
				026BDD881A75CE4D00904D9F /* MainMenu.xib in Resources */,
				026BDDAA1A75CEA200904D9F /* default-icon@2x.png in Resources */,
				026BDDBF1A75CEB200904D9F /* loader_img1.png in Resources */,
				026BDDE91A768B0900904D9F /* NoteWindowController.xib in Resources */,
				026BDDC01A75CEB200904D9F /* loader_img4@2x.png in Resources */,
				026BDDBE1A75CEB200904D9F /* loader_img3.png in Resources */,
			);
			runOnlyForDeploymentPostprocessing = 0;
		};
		026BDD8B1A75CE4D00904D9F /* Resources */ = {
			isa = PBXResourcesBuildPhase;
			buildActionMask = 2147483647;
			files = (
			);
			runOnlyForDeploymentPostprocessing = 0;
		};
/* End PBXResourcesBuildPhase section */

/* Begin PBXSourcesBuildPhase section */
		026BDD761A75CE4D00904D9F /* Sources */ = {
			isa = PBXSourcesBuildPhase;
			buildActionMask = 2147483647;
			files = (
				026BDFAA1A76AB8B00904D9F /* AFURLSessionManager.m in Sources */,
				026BDDE81A768B0900904D9F /* NoteWindowController.m in Sources */,
				026BDDA21A75CE7E00904D9F /* SystemStorage.m in Sources */,
				026BDFA51A76AB8B00904D9F /* AFNetworkReachabilityManager.m in Sources */,
				026BDDA51A75CE8500904D9F /* Request.m in Sources */,
				026BDFA71A76AB8B00904D9F /* AFURLConnectionOperation.m in Sources */,
				026BDFA41A76AB8B00904D9F /* AFHTTPSessionManager.m in Sources */,
				026BDFA81A76AB8B00904D9F /* AFURLRequestSerialization.m in Sources */,
				026BDD9F1A75CE7300904D9F /* Screenshot.m in Sources */,
				026BDD831A75CE4D00904D9F /* main.m in Sources */,
				026BDD811A75CE4D00904D9F /* AppDelegate.m in Sources */,
				026BDFA31A76AB8B00904D9F /* AFHTTPRequestOperationManager.m in Sources */,
				026BDFA61A76AB8B00904D9F /* AFSecurityPolicy.m in Sources */,
				026BDFA91A76AB8B00904D9F /* AFURLResponseSerialization.m in Sources */,
				026BDFA21A76AB8B00904D9F /* AFHTTPRequestOperation.m in Sources */,
			);
			runOnlyForDeploymentPostprocessing = 0;
		};
		026BDD891A75CE4D00904D9F /* Sources */ = {
			isa = PBXSourcesBuildPhase;
			buildActionMask = 2147483647;
			files = (
				026BDD941A75CE4E00904D9F /* DropTests.m in Sources */,
			);
			runOnlyForDeploymentPostprocessing = 0;
		};
/* End PBXSourcesBuildPhase section */

/* Begin PBXTargetDependency section */
		026BDD8F1A75CE4D00904D9F /* PBXTargetDependency */ = {
			isa = PBXTargetDependency;
			target = 026BDD791A75CE4D00904D9F /* Drop */;
			targetProxy = 026BDD8E1A75CE4D00904D9F /* PBXContainerItemProxy */;
		};
/* End PBXTargetDependency section */

/* Begin PBXVariantGroup section */
		026BDD861A75CE4D00904D9F /* MainMenu.xib */ = {
			isa = PBXVariantGroup;
			children = (
				026BDD871A75CE4D00904D9F /* Base */,
			);
			name = MainMenu.xib;
			sourceTree = "<group>";
		};
/* End PBXVariantGroup section */

/* Begin XCBuildConfiguration section */
		026BDD951A75CE4E00904D9F /* Debug */ = {
			isa = XCBuildConfiguration;
			buildSettings = {
				ALWAYS_SEARCH_USER_PATHS = NO;
				CLANG_CXX_LANGUAGE_STANDARD = "gnu++0x";
				CLANG_CXX_LIBRARY = "libc++";
				CLANG_ENABLE_MODULES = YES;
				CLANG_ENABLE_OBJC_ARC = YES;
				CLANG_WARN_BOOL_CONVERSION = YES;
				CLANG_WARN_CONSTANT_CONVERSION = YES;
				CLANG_WARN_DIRECT_OBJC_ISA_USAGE = YES_ERROR;
				CLANG_WARN_EMPTY_BODY = YES;
				CLANG_WARN_ENUM_CONVERSION = YES;
				CLANG_WARN_INT_CONVERSION = YES;
				CLANG_WARN_OBJC_ROOT_CLASS = YES_ERROR;
				CLANG_WARN_UNREACHABLE_CODE = YES;
				CLANG_WARN__DUPLICATE_METHOD_MATCH = YES;
				CODE_SIGN_IDENTITY = "-";
				COPY_PHASE_STRIP = NO;
				ENABLE_STRICT_OBJC_MSGSEND = YES;
				GCC_C_LANGUAGE_STANDARD = gnu99;
				GCC_DYNAMIC_NO_PIC = NO;
				GCC_OPTIMIZATION_LEVEL = 0;
				GCC_PREPROCESSOR_DEFINITIONS = (
					"DEBUG=1",
					"$(inherited)",
				);
				GCC_SYMBOLS_PRIVATE_EXTERN = NO;
				GCC_WARN_64_TO_32_BIT_CONVERSION = YES;
				GCC_WARN_ABOUT_RETURN_TYPE = YES_ERROR;
				GCC_WARN_UNDECLARED_SELECTOR = YES;
				GCC_WARN_UNINITIALIZED_AUTOS = YES_AGGRESSIVE;
				GCC_WARN_UNUSED_FUNCTION = YES;
				GCC_WARN_UNUSED_VARIABLE = YES;
				MACOSX_DEPLOYMENT_TARGET = 10.9;
				MTL_ENABLE_DEBUG_INFO = YES;
				ONLY_ACTIVE_ARCH = YES;
				SDKROOT = macosx;
			};
			name = Debug;
		};
		026BDD961A75CE4E00904D9F /* Release */ = {
			isa = XCBuildConfiguration;
			buildSettings = {
				ALWAYS_SEARCH_USER_PATHS = NO;
				CLANG_CXX_LANGUAGE_STANDARD = "gnu++0x";
				CLANG_CXX_LIBRARY = "libc++";
				CLANG_ENABLE_MODULES = YES;
				CLANG_ENABLE_OBJC_ARC = YES;
				CLANG_WARN_BOOL_CONVERSION = YES;
				CLANG_WARN_CONSTANT_CONVERSION = YES;
				CLANG_WARN_DIRECT_OBJC_ISA_USAGE = YES_ERROR;
				CLANG_WARN_EMPTY_BODY = YES;
				CLANG_WARN_ENUM_CONVERSION = YES;
				CLANG_WARN_INT_CONVERSION = YES;
				CLANG_WARN_OBJC_ROOT_CLASS = YES_ERROR;
				CLANG_WARN_UNREACHABLE_CODE = YES;
				CLANG_WARN__DUPLICATE_METHOD_MATCH = YES;
				CODE_SIGN_IDENTITY = "-";
				COPY_PHASE_STRIP = YES;
				DEBUG_INFORMATION_FORMAT = "dwarf-with-dsym";
				ENABLE_NS_ASSERTIONS = NO;
				ENABLE_STRICT_OBJC_MSGSEND = YES;
				GCC_C_LANGUAGE_STANDARD = gnu99;
				GCC_WARN_64_TO_32_BIT_CONVERSION = YES;
				GCC_WARN_ABOUT_RETURN_TYPE = YES_ERROR;
				GCC_WARN_UNDECLARED_SELECTOR = YES;
				GCC_WARN_UNINITIALIZED_AUTOS = YES_AGGRESSIVE;
				GCC_WARN_UNUSED_FUNCTION = YES;
				GCC_WARN_UNUSED_VARIABLE = YES;
				MACOSX_DEPLOYMENT_TARGET = 10.9;
				MTL_ENABLE_DEBUG_INFO = NO;
				SDKROOT = macosx;
			};
			name = Release;
		};
		026BDD981A75CE4E00904D9F /* Debug */ = {
			isa = XCBuildConfiguration;
			buildSettings = {
				ASSETCATALOG_COMPILER_APPICON_NAME = AppIcon;
				COMBINE_HIDPI_IMAGES = YES;
				INFOPLIST_FILE = Drop/Info.plist;
				LD_RUNPATH_SEARCH_PATHS = "$(inherited) @executable_path/../Frameworks";
				PRODUCT_NAME = "$(TARGET_NAME)";
			};
			name = Debug;
		};
		026BDD991A75CE4E00904D9F /* Release */ = {
			isa = XCBuildConfiguration;
			buildSettings = {
				ASSETCATALOG_COMPILER_APPICON_NAME = AppIcon;
				COMBINE_HIDPI_IMAGES = YES;
				INFOPLIST_FILE = Drop/Info.plist;
				LD_RUNPATH_SEARCH_PATHS = "$(inherited) @executable_path/../Frameworks";
				PRODUCT_NAME = "$(TARGET_NAME)";
			};
			name = Release;
		};
		026BDD9B1A75CE4E00904D9F /* Debug */ = {
			isa = XCBuildConfiguration;
			buildSettings = {
				BUNDLE_LOADER = "$(TEST_HOST)";
				COMBINE_HIDPI_IMAGES = YES;
				FRAMEWORK_SEARCH_PATHS = (
					"$(DEVELOPER_FRAMEWORKS_DIR)",
					"$(inherited)",
				);
				GCC_PREPROCESSOR_DEFINITIONS = (
					"DEBUG=1",
					"$(inherited)",
				);
				INFOPLIST_FILE = DropTests/Info.plist;
				LD_RUNPATH_SEARCH_PATHS = "$(inherited) @executable_path/../Frameworks @loader_path/../Frameworks";
				PRODUCT_NAME = "$(TARGET_NAME)";
				TEST_HOST = "$(BUILT_PRODUCTS_DIR)/Drop.app/Contents/MacOS/Drop";
			};
			name = Debug;
		};
		026BDD9C1A75CE4E00904D9F /* Release */ = {
			isa = XCBuildConfiguration;
			buildSettings = {
				BUNDLE_LOADER = "$(TEST_HOST)";
				COMBINE_HIDPI_IMAGES = YES;
				FRAMEWORK_SEARCH_PATHS = (
					"$(DEVELOPER_FRAMEWORKS_DIR)",
					"$(inherited)",
				);
				INFOPLIST_FILE = DropTests/Info.plist;
				LD_RUNPATH_SEARCH_PATHS = "$(inherited) @executable_path/../Frameworks @loader_path/../Frameworks";
				PRODUCT_NAME = "$(TARGET_NAME)";
				TEST_HOST = "$(BUILT_PRODUCTS_DIR)/Drop.app/Contents/MacOS/Drop";
			};
			name = Release;
		};
/* End XCBuildConfiguration section */

/* Begin XCConfigurationList section */
		026BDD751A75CE4D00904D9F /* Build configuration list for PBXProject "Drop" */ = {
			isa = XCConfigurationList;
			buildConfigurations = (
				026BDD951A75CE4E00904D9F /* Debug */,
				026BDD961A75CE4E00904D9F /* Release */,
			);
			defaultConfigurationIsVisible = 0;
			defaultConfigurationName = Release;
		};
		026BDD971A75CE4E00904D9F /* Build configuration list for PBXNativeTarget "Drop" */ = {
			isa = XCConfigurationList;
			buildConfigurations = (
				026BDD981A75CE4E00904D9F /* Debug */,
				026BDD991A75CE4E00904D9F /* Release */,
			);
			defaultConfigurationIsVisible = 0;
		};
		026BDD9A1A75CE4E00904D9F /* Build configuration list for PBXNativeTarget "DropTests" */ = {
			isa = XCConfigurationList;
			buildConfigurations = (
				026BDD9B1A75CE4E00904D9F /* Debug */,
				026BDD9C1A75CE4E00904D9F /* Release */,
			);
			defaultConfigurationIsVisible = 0;
		};
/* End XCConfigurationList section */
	};
	rootObject = 026BDD721A75CE4D00904D9F /* Project object */;
}
